
Microsoft Visual Studio Solution File, Format Version 12.00
# Visual Studio Version 17
VisualStudioVersion = 17.1.32421.90
MinimumVisualStudioVersion = 10.0.40219.1
Project("{FAE04EC0-301F-11D3-BF4B-00C04F79EFBC}") = "BlazorFullStackCrud.Server", "BlazorFullStackCrud\Server\BlazorFullStackCrud.Server.csproj", "{B8D1DA80-4CC8-4411-B4C9-8BFB6DB38CD0}"
EndProject
Project("{FAE04EC0-301F-11D3-BF4B-00C04F79EFBC}") = "BlazorFullStackCrud.Client", "BlazorFullStackCrud\Client\BlazorFullStackCrud.Client.csproj", "{A1E8CF0E-A5D7-4A2D-AA1F-A0A41B2D7FFF}"
EndProject
Project("{FAE04EC0-301F-11D3-BF4B-00C04F79EFBC}") = "BlazorFullStackCrud.Shared", "BlazorFullStackCrud\Shared\BlazorFullStackCrud.Shared.csproj", "{CC19864F-D77C-4826-84AF-8312B769BD43}"
EndProject
Global
	GlobalSection(SolutionConfigurationPlatforms) = preSolution
		Debug|Any CPU = Debug|Any CPU
		Release|Any CPU = Release|Any CPU
	EndGlobalSection
	GlobalSection(ProjectConfigurationPlatforms) = postSolution
		{B8D1DA80-4CC8-4411-B4C9-8BFB6DB38CD0}.Debug|Any CPU.ActiveCfg = Debug|Any CPU
		{B8D1DA80-4CC8-4411-B4C9-8BFB6DB38CD0}.Debug|Any CPU.Build.0 = Debug|Any CPU
		{B8D1DA80-4CC8-4411-B4C9-8BFB6DB38CD0}.Release|Any CPU.ActiveCfg = Release|Any CPU
		{B8D1DA80-4CC8-4411-B4C9-8BFB6DB38CD0}.Release|Any CPU.Build.0 = Release|Any CPU
		{A1E8CF0E-A5D7-4A2D-AA1F-A0A41B2D7FFF}.Debug|Any CPU.ActiveCfg = Debug|Any CPU
		{A1E8CF0E-A5D7-4A2D-AA1F-A0A41B2D7FFF}.Debug|Any CPU.Build.0 = Debug|Any CPU
		{A1E8CF0E-A5D7-4A2D-AA1F-A0A41B2D7FFF}.Release|Any CPU.ActiveCfg = Release|Any CPU
		{A1E8CF0E-A5D7-4A2D-AA1F-A0A41B2D7FFF}.Release|Any CPU.Build.0 = Release|Any CPU
		{CC19864F-D77C-4826-84AF-8312B769BD43}.Debug|Any CPU.ActiveCfg = Debug|Any CPU
		{CC19864F-D77C-4826-84AF-8312B769BD43}.Debug|Any CPU.Build.0 = Debug|Any CPU
		{CC19864F-D77C-4826-84AF-8312B769BD43}.Release|Any CPU.ActiveCfg = Release|Any CPU
		{CC19864F-D77C-4826-84AF-8312B769BD43}.Release|Any CPU.Build.0 = Release|Any CPU
	EndGlobalSection
	GlobalSection(SolutionProperties) = preSolution
		HideSolutionNode = FALSE
	EndGlobalSection
	GlobalSection(ExtensibilityGlobals) = postSolution
		SolutionGuid = {E92650E9-FE74-441A-9CF3-0104B30FCE16}
	EndGlobalSection
EndGlobal
